
Microsoft Visual Studio Solution File, Format Version 12.00
# Visual Studio 15
VisualStudioVersion = 15.0.28010.2041
MinimumVisualStudioVersion = 10.0.40219.1
Project("{FAE04EC0-301F-11D3-BF4B-00C04F79EFBC}") = "FilesExplorer", "FilesExplorer\FilesExplorer.csproj", "{59ADA7F8-1E23-4275-9D3D-450903C39BC8}"
EndProject
Global
	GlobalSection(SolutionConfigurationPlatforms) = preSolution
		Debug|ARM = Debug|ARM
		Debug|x64 = Debug|x64
		Debug|x86 = Debug|x86
		Release|ARM = Release|ARM
		Release|x64 = Release|x64
		Release|x86 = Release|x86
	EndGlobalSection
	GlobalSection(ProjectConfigurationPlatforms) = postSolution
		{59ADA7F8-1E23-4275-9D3D-450903C39BC8}.Debug|ARM.ActiveCfg = Debug|ARM
		{59ADA7F8-1E23-4275-9D3D-450903C39BC8}.Debug|ARM.Build.0 = Debug|ARM
		{59ADA7F8-1E23-4275-9D3D-450903C39BC8}.Debug|ARM.Deploy.0 = Debug|ARM
		{59ADA7F8-1E23-4275-9D3D-450903C39BC8}.Debug|x64.ActiveCfg = Debug|x64
		{59ADA7F8-1E23-4275-9D3D-450903C39BC8}.Debug|x64.Build.0 = Debug|x64
		{59ADA7F8-1E23-4275-9D3D-450903C39BC8}.Debug|x64.Deploy.0 = Debug|x64
		{59ADA7F8-1E23-4275-9D3D-450903C39BC8}.Debug|x86.ActiveCfg = Debug|x86
		{59ADA7F8-1E23-4275-9D3D-450903C39BC8}.Debug|x86.Build.0 = Debug|x86
		{59ADA7F8-1E23-4275-9D3D-450903C39BC8}.Debug|x86.Deploy.0 = Debug|x86
		{59ADA7F8-1E23-4275-9D3D-450903C39BC8}.Release|ARM.ActiveCfg = Release|ARM
		{59ADA7F8-1E23-4275-9D3D-450903C39BC8}.Release|ARM.Build.0 = Release|ARM
		{59ADA7F8-1E23-4275-9D3D-450903C39BC8}.Release|ARM.Deploy.0 = Release|ARM
		{59ADA7F8-1E23-4275-9D3D-450903C39BC8}.Release|x64.ActiveCfg = Release|x64
		{59ADA7F8-1E23-4275-9D3D-450903C39BC8}.Release|x64.Build.0 = Release|x64
		{59ADA7F8-1E23-4275-9D3D-450903C39BC8}.Release|x64.Deploy.0 = Release|x64
		{59ADA7F8-1E23-4275-9D3D-450903C39BC8}.Release|x86.ActiveCfg = Release|x86
		{59ADA7F8-1E23-4275-9D3D-450903C39BC8}.Release|x86.Build.0 = Release|x86
		{59ADA7F8-1E23-4275-9D3D-450903C39BC8}.Release|x86.Deploy.0 = Release|x86
	EndGlobalSection
	GlobalSection(SolutionProperties) = preSolution
		HideSolutionNode = FALSE
	EndGlobalSection
	GlobalSection(ExtensibilityGlobals) = postSolution
		SolutionGuid = {2C127D1D-C6CF-49BA-A8A0-6E9EF10CBF99}
	EndGlobalSection
EndGlobal
