
Microsoft Visual Studio Solution File, Format Version 12.00
# Visual Studio 15
VisualStudioVersion = 15.0.28010.2046
MinimumVisualStudioVersion = 10.0.40219.1
Project("{FAE04EC0-301F-11D3-BF4B-00C04F79EFBC}") = "ASPNET-File-Picker", "ASPNET-File-Picker\ASPNET-File-Picker.csproj", "{FE215233-8FE7-47BE-A42F-20F8DF3D146A}"
EndProject
Global
	GlobalSection(SolutionConfigurationPlatforms) = preSolution
		Debug|Any CPU = Debug|Any CPU
		Release|Any CPU = Release|Any CPU
	EndGlobalSection
	GlobalSection(ProjectConfigurationPlatforms) = postSolution
		{FE215233-8FE7-47BE-A42F-20F8DF3D146A}.Debug|Any CPU.ActiveCfg = Debug|Any CPU
		{FE215233-8FE7-47BE-A42F-20F8DF3D146A}.Debug|Any CPU.Build.0 = Debug|Any CPU
		{FE215233-8FE7-47BE-A42F-20F8DF3D146A}.Release|Any CPU.ActiveCfg = Release|Any CPU
		{FE215233-8FE7-47BE-A42F-20F8DF3D146A}.Release|Any CPU.Build.0 = Release|Any CPU
	EndGlobalSection
	GlobalSection(SolutionProperties) = preSolution
		HideSolutionNode = FALSE
	EndGlobalSection
	GlobalSection(ExtensibilityGlobals) = postSolution
		SolutionGuid = {20DB6BC9-C47F-4154-A0E9-1CF955F7DBB4}
	EndGlobalSection
EndGlobal
