
Microsoft Visual Studio Solution File, Format Version 12.00
# Visual Studio Version 16
VisualStudioVersion = 16.0.28803.156
MinimumVisualStudioVersion = 10.0.40219.1
Project("{FAE04EC0-301F-11D3-BF4B-00C04F79EFBC}") = "AspnetCore-Changed-Files", "AspnetCore-Changed-Files.csproj", "{9FDF6080-FDD0-4FCF-95F9-5A8D9E735626}"
EndProject
Global
	GlobalSection(SolutionConfigurationPlatforms) = preSolution
		Debug|Any CPU = Debug|Any CPU
		Release|Any CPU = Release|Any CPU
	EndGlobalSection
	GlobalSection(ProjectConfigurationPlatforms) = postSolution
		{9FDF6080-FDD0-4FCF-95F9-5A8D9E735626}.Debug|Any CPU.ActiveCfg = Debug|Any CPU
		{9FDF6080-FDD0-4FCF-95F9-5A8D9E735626}.Debug|Any CPU.Build.0 = Debug|Any CPU
		{9FDF6080-FDD0-4FCF-95F9-5A8D9E735626}.Release|Any CPU.ActiveCfg = Release|Any CPU
		{9FDF6080-FDD0-4FCF-95F9-5A8D9E735626}.Release|Any CPU.Build.0 = Release|Any CPU
	EndGlobalSection
	GlobalSection(SolutionProperties) = preSolution
		HideSolutionNode = FALSE
	EndGlobalSection
	GlobalSection(ExtensibilityGlobals) = postSolution
		SolutionGuid = {689DE099-58C8-464A-9FF2-BAF47FCB96BA}
	EndGlobalSection
EndGlobal
